
Microsoft Visual Studio Solution File, Format Version 12.00
# Visual Studio Version 16
VisualStudioVersion = 16.0.29728.190
MinimumVisualStudioVersion = 10.0.40219.1
Project("{FAE04EC0-301F-11D3-BF4B-00C04F79EFBC}") = "WebApplication", "WebApplication\WebApplication.csproj", "{F50AB5A8-86A9-4199-9AB0-B6AFE49E3B89}"
EndProject
Global
	GlobalSection(SolutionConfigurationPlatforms) = preSolution
		Debug|Any CPU = Debug|Any CPU
		Release|Any CPU = Release|Any CPU
	EndGlobalSection
	GlobalSection(ProjectConfigurationPlatforms) = postSolution
		{F50AB5A8-86A9-4199-9AB0-B6AFE49E3B89}.Debug|Any CPU.ActiveCfg = Debug|Any CPU
		{F50AB5A8-86A9-4199-9AB0-B6AFE49E3B89}.Debug|Any CPU.Build.0 = Debug|Any CPU
		{F50AB5A8-86A9-4199-9AB0-B6AFE49E3B89}.Release|Any CPU.ActiveCfg = Release|Any CPU
		{F50AB5A8-86A9-4199-9AB0-B6AFE49E3B89}.Release|Any CPU.Build.0 = Release|Any CPU
	EndGlobalSection
	GlobalSection(SolutionProperties) = preSolution
		HideSolutionNode = FALSE
	EndGlobalSection
	GlobalSection(ExtensibilityGlobals) = postSolution
		SolutionGuid = {6275BF83-56B7-4FBA-ABC8-6221AA164931}
	EndGlobalSection
EndGlobal
